
Microsoft Visual Studio Solution File, Format Version 12.00
# Visual Studio Version 17
VisualStudioVersion = 17.12.35521.163
MinimumVisualStudioVersion = 10.0.40219.1
Project("{2150E333-8FDC-42A3-9474-1A3956D46DE8}") = "1-Basics", "1-Basics", "{1009A3D3-01A5-4E18-9882-BF12E7254DA1}"
EndProject
Project("{FAE04EC0-301F-11D3-BF4B-00C04F79EFBC}") = "RabbitMQ.Publisher", "RabbitMQ.Publisher\RabbitMQ.Publisher.csproj", "{D7E34B77-AB3B-4AFD-80AA-4449F17452C4}"
EndProject
Project("{FAE04EC0-301F-11D3-BF4B-00C04F79EFBC}") = "RabbitMQ.Consumer", "RabbitMQ.Consumer\RabbitMQ.Consumer.csproj", "{E5A106E6-7AE9-41E5-B745-8345436109B0}"
EndProject
Project("{2150E333-8FDC-42A3-9474-1A3956D46DE8}") = "2- Message Acknowledgement", "2- Message Acknowledgement", "{51A5A45C-201F-42D8-8464-482C7DA99C6C}"
EndProject
Project("{FAE04EC0-301F-11D3-BF4B-00C04F79EFBC}") = "RabbitMQ.MessageAck.Consumer", "RabbitMQ.MessageAck.Consumer\RabbitMQ.MessageAck.Consumer.csproj", "{C5C15788-6D9A-495E-9872-36DA8AD1290D}"
EndProject
Project("{2150E333-8FDC-42A3-9474-1A3956D46DE8}") = "3- Message Durability", "3- Message Durability", "{BA77AAC3-20D4-44D8-9C6F-231DF1272C29}"
EndProject
Project("{FAE04EC0-301F-11D3-BF4B-00C04F79EFBC}") = "RabbitMQ.MessageDurability.Publisher", "RabbitMQ.MessageDurability.Publisher\RabbitMQ.MessageDurability.Publisher.csproj", "{2D3E3986-2EC0-4563-A5AA-ED001741F26B}"
EndProject
Project("{2150E333-8FDC-42A3-9474-1A3956D46DE8}") = "4- Fair Dispatch", "4- Fair Dispatch", "{8DD6D639-5494-43E9-B243-FACF3C8CDFE7}"
EndProject
Project("{FAE04EC0-301F-11D3-BF4B-00C04F79EFBC}") = "RabbitMQ.FairDispatch.Publisher", "RabbitMQ.FairDispatch.Publisher\RabbitMQ.FairDispatch.Publisher.csproj", "{0166056A-04F0-49AE-A2FD-F6D9CADBA7C6}"
EndProject
Project("{2150E333-8FDC-42A3-9474-1A3956D46DE8}") = "5- Direct Exchange", "5- Direct Exchange", "{7E624FBA-8D82-41F2-AD12-190F6A3BCE0E}"
EndProject
Project("{FAE04EC0-301F-11D3-BF4B-00C04F79EFBC}") = "RabbitMQ.DirectExchange.Consumer", "RabbitMQ.DirectExchange.Consumer\RabbitMQ.DirectExchange.Consumer.csproj", "{D0A841F2-8C0E-470C-9271-C68ACE0B9EF1}"
EndProject
Project("{FAE04EC0-301F-11D3-BF4B-00C04F79EFBC}") = "RabbitMQ.DirectExchange.Publisher", "RabbitMQ.DirectExchange.Publisher\RabbitMQ.DirectExchange.Publisher.csproj", "{C56006B1-3011-4D00-8A28-BB1D3E993585}"
EndProject
Project("{2150E333-8FDC-42A3-9474-1A3956D46DE8}") = "6- Fanout Exchange", "6- Fanout Exchange", "{80BC8A57-3F27-4BC8-A492-282051E19935}"
EndProject
Project("{FAE04EC0-301F-11D3-BF4B-00C04F79EFBC}") = "RabbitMQ.FanoutExchange.Publisher", "RabbitMQ.FanoutExchange.Publisher\RabbitMQ.FanoutExchange.Publisher.csproj", "{11B764AB-5BF1-409D-A1DE-D7ABBFCCC7C6}"
EndProject
Project("{FAE04EC0-301F-11D3-BF4B-00C04F79EFBC}") = "RabbitMQ.FanoutExchange.Consumer", "RabbitMQ.FanoutExchange.Consumer\RabbitMQ.FanoutExchange.Consumer.csproj", "{5AB46335-7F3E-4077-A40D-AED25B7C9745}"
EndProject
Global
	GlobalSection(SolutionConfigurationPlatforms) = preSolution
		Debug|Any CPU = Debug|Any CPU
		Release|Any CPU = Release|Any CPU
	EndGlobalSection
	GlobalSection(ProjectConfigurationPlatforms) = postSolution
		{D7E34B77-AB3B-4AFD-80AA-4449F17452C4}.Debug|Any CPU.ActiveCfg = Debug|Any CPU
		{D7E34B77-AB3B-4AFD-80AA-4449F17452C4}.Debug|Any CPU.Build.0 = Debug|Any CPU
		{D7E34B77-AB3B-4AFD-80AA-4449F17452C4}.Release|Any CPU.ActiveCfg = Release|Any CPU
		{D7E34B77-AB3B-4AFD-80AA-4449F17452C4}.Release|Any CPU.Build.0 = Release|Any CPU
		{E5A106E6-7AE9-41E5-B745-8345436109B0}.Debug|Any CPU.ActiveCfg = Debug|Any CPU
		{E5A106E6-7AE9-41E5-B745-8345436109B0}.Debug|Any CPU.Build.0 = Debug|Any CPU
		{E5A106E6-7AE9-41E5-B745-8345436109B0}.Release|Any CPU.ActiveCfg = Release|Any CPU
		{E5A106E6-7AE9-41E5-B745-8345436109B0}.Release|Any CPU.Build.0 = Release|Any CPU
		{C5C15788-6D9A-495E-9872-36DA8AD1290D}.Debug|Any CPU.ActiveCfg = Debug|Any CPU
		{C5C15788-6D9A-495E-9872-36DA8AD1290D}.Debug|Any CPU.Build.0 = Debug|Any CPU
		{C5C15788-6D9A-495E-9872-36DA8AD1290D}.Release|Any CPU.ActiveCfg = Release|Any CPU
		{C5C15788-6D9A-495E-9872-36DA8AD1290D}.Release|Any CPU.Build.0 = Release|Any CPU
		{2D3E3986-2EC0-4563-A5AA-ED001741F26B}.Debug|Any CPU.ActiveCfg = Debug|Any CPU
		{2D3E3986-2EC0-4563-A5AA-ED001741F26B}.Debug|Any CPU.Build.0 = Debug|Any CPU
		{2D3E3986-2EC0-4563-A5AA-ED001741F26B}.Release|Any CPU.ActiveCfg = Release|Any CPU
		{2D3E3986-2EC0-4563-A5AA-ED001741F26B}.Release|Any CPU.Build.0 = Release|Any CPU
		{0166056A-04F0-49AE-A2FD-F6D9CADBA7C6}.Debug|Any CPU.ActiveCfg = Debug|Any CPU
		{0166056A-04F0-49AE-A2FD-F6D9CADBA7C6}.Debug|Any CPU.Build.0 = Debug|Any CPU
		{0166056A-04F0-49AE-A2FD-F6D9CADBA7C6}.Release|Any CPU.ActiveCfg = Release|Any CPU
		{0166056A-04F0-49AE-A2FD-F6D9CADBA7C6}.Release|Any CPU.Build.0 = Release|Any CPU
		{D0A841F2-8C0E-470C-9271-C68ACE0B9EF1}.Debug|Any CPU.ActiveCfg = Debug|Any CPU
		{D0A841F2-8C0E-470C-9271-C68ACE0B9EF1}.Debug|Any CPU.Build.0 = Debug|Any CPU
		{D0A841F2-8C0E-470C-9271-C68ACE0B9EF1}.Release|Any CPU.ActiveCfg = Release|Any CPU
		{D0A841F2-8C0E-470C-9271-C68ACE0B9EF1}.Release|Any CPU.Build.0 = Release|Any CPU
		{C56006B1-3011-4D00-8A28-BB1D3E993585}.Debug|Any CPU.ActiveCfg = Debug|Any CPU
		{C56006B1-3011-4D00-8A28-BB1D3E993585}.Debug|Any CPU.Build.0 = Debug|Any CPU
		{C56006B1-3011-4D00-8A28-BB1D3E993585}.Release|Any CPU.ActiveCfg = Release|Any CPU
		{C56006B1-3011-4D00-8A28-BB1D3E993585}.Release|Any CPU.Build.0 = Release|Any CPU
		{11B764AB-5BF1-409D-A1DE-D7ABBFCCC7C6}.Debug|Any CPU.ActiveCfg = Debug|Any CPU
		{11B764AB-5BF1-409D-A1DE-D7ABBFCCC7C6}.Debug|Any CPU.Build.0 = Debug|Any CPU
		{11B764AB-5BF1-409D-A1DE-D7ABBFCCC7C6}.Release|Any CPU.ActiveCfg = Release|Any CPU
		{11B764AB-5BF1-409D-A1DE-D7ABBFCCC7C6}.Release|Any CPU.Build.0 = Release|Any CPU
		{5AB46335-7F3E-4077-A40D-AED25B7C9745}.Debug|Any CPU.ActiveCfg = Debug|Any CPU
		{5AB46335-7F3E-4077-A40D-AED25B7C9745}.Debug|Any CPU.Build.0 = Debug|Any CPU
		{5AB46335-7F3E-4077-A40D-AED25B7C9745}.Release|Any CPU.ActiveCfg = Release|Any CPU
		{5AB46335-7F3E-4077-A40D-AED25B7C9745}.Release|Any CPU.Build.0 = Release|Any CPU
	EndGlobalSection
	GlobalSection(SolutionProperties) = preSolution
		HideSolutionNode = FALSE
	EndGlobalSection
	GlobalSection(NestedProjects) = preSolution
		{D7E34B77-AB3B-4AFD-80AA-4449F17452C4} = {1009A3D3-01A5-4E18-9882-BF12E7254DA1}
		{E5A106E6-7AE9-41E5-B745-8345436109B0} = {1009A3D3-01A5-4E18-9882-BF12E7254DA1}
		{C5C15788-6D9A-495E-9872-36DA8AD1290D} = {51A5A45C-201F-42D8-8464-482C7DA99C6C}
		{2D3E3986-2EC0-4563-A5AA-ED001741F26B} = {BA77AAC3-20D4-44D8-9C6F-231DF1272C29}
		{0166056A-04F0-49AE-A2FD-F6D9CADBA7C6} = {8DD6D639-5494-43E9-B243-FACF3C8CDFE7}
		{D0A841F2-8C0E-470C-9271-C68ACE0B9EF1} = {7E624FBA-8D82-41F2-AD12-190F6A3BCE0E}
		{C56006B1-3011-4D00-8A28-BB1D3E993585} = {7E624FBA-8D82-41F2-AD12-190F6A3BCE0E}
		{11B764AB-5BF1-409D-A1DE-D7ABBFCCC7C6} = {80BC8A57-3F27-4BC8-A492-282051E19935}
		{5AB46335-7F3E-4077-A40D-AED25B7C9745} = {80BC8A57-3F27-4BC8-A492-282051E19935}
	EndGlobalSection
EndGlobal
